
Microsoft Visual Studio Solution File, Format Version 12.00
# Visual Studio Version 17
VisualStudioVersion = 17.5.002.0
MinimumVisualStudioVersion = 10.0.40219.1
Project("{9A19103F-16F7-4668-BE54-9A1E7A4F7556}") = "Interface2", "Interface2.csproj", "{AECF7293-036F-4CCE-BA4C-E4A8C119DC02}"
EndProject
Global
	GlobalSection(SolutionConfigurationPlatforms) = preSolution
		Debug|Any CPU = Debug|Any CPU
		Release|Any CPU = Release|Any CPU
	EndGlobalSection
	GlobalSection(ProjectConfigurationPlatforms) = postSolution
		{AECF7293-036F-4CCE-BA4C-E4A8C119DC02}.Debug|Any CPU.ActiveCfg = Debug|Any CPU
		{AECF7293-036F-4CCE-BA4C-E4A8C119DC02}.Debug|Any CPU.Build.0 = Debug|Any CPU
		{AECF7293-036F-4CCE-BA4C-E4A8C119DC02}.Release|Any CPU.ActiveCfg = Release|Any CPU
		{AECF7293-036F-4CCE-BA4C-E4A8C119DC02}.Release|Any CPU.Build.0 = Release|Any CPU
	EndGlobalSection
	GlobalSection(SolutionProperties) = preSolution
		HideSolutionNode = FALSE
	EndGlobalSection
	GlobalSection(ExtensibilityGlobals) = postSolution
		SolutionGuid = {D0867D27-215D-4350-A3FA-201EFFFBC5F6}
	EndGlobalSection
EndGlobal
