
Microsoft Visual Studio Solution File, Format Version 12.00
# Visual Studio Version 17
VisualStudioVersion = 17.5.002.0
MinimumVisualStudioVersion = 10.0.40219.1
Project("{9A19103F-16F7-4668-BE54-9A1E7A4F7556}") = "Fields", "Fields.csproj", "{4A36E921-2D99-483F-B5C3-CA38EE369772}"
EndProject
Global
	GlobalSection(SolutionConfigurationPlatforms) = preSolution
		Debug|Any CPU = Debug|Any CPU
		Release|Any CPU = Release|Any CPU
	EndGlobalSection
	GlobalSection(ProjectConfigurationPlatforms) = postSolution
		{4A36E921-2D99-483F-B5C3-CA38EE369772}.Debug|Any CPU.ActiveCfg = Debug|Any CPU
		{4A36E921-2D99-483F-B5C3-CA38EE369772}.Debug|Any CPU.Build.0 = Debug|Any CPU
		{4A36E921-2D99-483F-B5C3-CA38EE369772}.Release|Any CPU.ActiveCfg = Release|Any CPU
		{4A36E921-2D99-483F-B5C3-CA38EE369772}.Release|Any CPU.Build.0 = Release|Any CPU
	EndGlobalSection
	GlobalSection(SolutionProperties) = preSolution
		HideSolutionNode = FALSE
	EndGlobalSection
	GlobalSection(ExtensibilityGlobals) = postSolution
		SolutionGuid = {BF79821D-599D-480C-ADA7-B40A28025465}
	EndGlobalSection
EndGlobal
