
Microsoft Visual Studio Solution File, Format Version 12.00
# Visual Studio Version 17
VisualStudioVersion = 17.5.002.0
MinimumVisualStudioVersion = 10.0.40219.1
Project("{9A19103F-16F7-4668-BE54-9A1E7A4F7556}") = "Polymorphism", "Polymorphism.csproj", "{33FCDDF6-4D8A-49CB-A7BB-895F3C87D2EE}"
EndProject
Global
	GlobalSection(SolutionConfigurationPlatforms) = preSolution
		Debug|Any CPU = Debug|Any CPU
		Release|Any CPU = Release|Any CPU
	EndGlobalSection
	GlobalSection(ProjectConfigurationPlatforms) = postSolution
		{33FCDDF6-4D8A-49CB-A7BB-895F3C87D2EE}.Debug|Any CPU.ActiveCfg = Debug|Any CPU
		{33FCDDF6-4D8A-49CB-A7BB-895F3C87D2EE}.Debug|Any CPU.Build.0 = Debug|Any CPU
		{33FCDDF6-4D8A-49CB-A7BB-895F3C87D2EE}.Release|Any CPU.ActiveCfg = Release|Any CPU
		{33FCDDF6-4D8A-49CB-A7BB-895F3C87D2EE}.Release|Any CPU.Build.0 = Release|Any CPU
	EndGlobalSection
	GlobalSection(SolutionProperties) = preSolution
		HideSolutionNode = FALSE
	EndGlobalSection
	GlobalSection(ExtensibilityGlobals) = postSolution
		SolutionGuid = {DA84D34F-272E-48FC-8ED7-A90869C77CF0}
	EndGlobalSection
EndGlobal
