
Microsoft Visual Studio Solution File, Format Version 12.00
# Visual Studio Version 17
VisualStudioVersion = 17.5.002.0
MinimumVisualStudioVersion = 10.0.40219.1
Project("{9A19103F-16F7-4668-BE54-9A1E7A4F7556}") = "ExtensionMethods", "ExtensionMethods.csproj", "{A0EFE0F8-93BC-4A39-989C-CDEE97B39035}"
EndProject
Global
	GlobalSection(SolutionConfigurationPlatforms) = preSolution
		Debug|Any CPU = Debug|Any CPU
		Release|Any CPU = Release|Any CPU
	EndGlobalSection
	GlobalSection(ProjectConfigurationPlatforms) = postSolution
		{A0EFE0F8-93BC-4A39-989C-CDEE97B39035}.Debug|Any CPU.ActiveCfg = Debug|Any CPU
		{A0EFE0F8-93BC-4A39-989C-CDEE97B39035}.Debug|Any CPU.Build.0 = Debug|Any CPU
		{A0EFE0F8-93BC-4A39-989C-CDEE97B39035}.Release|Any CPU.ActiveCfg = Release|Any CPU
		{A0EFE0F8-93BC-4A39-989C-CDEE97B39035}.Release|Any CPU.Build.0 = Release|Any CPU
	EndGlobalSection
	GlobalSection(SolutionProperties) = preSolution
		HideSolutionNode = FALSE
	EndGlobalSection
	GlobalSection(ExtensibilityGlobals) = postSolution
		SolutionGuid = {07A7093F-136B-4156-A397-B109EA7B737B}
	EndGlobalSection
EndGlobal
